// !$*UTF8*$!
{
	archiveVersion = 1;
	classes = {
	};
	objectVersion = 46;
	objects = {

/* Begin PBXBuildFile section */
		13E75A2A23BF81E700CD3596 /* ViewController.swift in Sources */ = {isa = PBXBuildFile; fileRef = 13E75A2623BF81E600CD3596 /* ViewController.swift */; };
		13E75A2B23BF81E700CD3596 /* LaunchScreen.storyboard in Resources */ = {isa = PBXBuildFile; fileRef = 13E75A2723BF81E600CD3596 /* LaunchScreen.storyboard */; };
		13E75A2C23BF81E700CD3596 /* Assets.xcassets in Resources */ = {isa = PBXBuildFile; fileRef = 13E75A2823BF81E700CD3596 /* Assets.xcassets */; };
		13E75A2D23BF81E700CD3596 /* Main.storyboard in Resources */ = {isa = PBXBuildFile; fileRef = 13E75A2923BF81E700CD3596 /* Main.storyboard */; };
		13E75A3523BF860100CD3596 /* DescriptionCell.xib in Resources */ = {isa = PBXBuildFile; fileRef = 13E75A3323BF860100CD3596 /* DescriptionCell.xib */; };
		13E75A3623BF860100CD3596 /* DescriptionCell.swift in Sources */ = {isa = PBXBuildFile; fileRef = 13E75A3423BF860100CD3596 /* DescriptionCell.swift */; };
		13E75A3A23BF861D00CD3596 /* DescriptionViewModel.swift in Sources */ = {isa = PBXBuildFile; fileRef = 13E75A3923BF861D00CD3596 /* DescriptionViewModel.swift */; };
		13E75A3C23BF862D00CD3596 /* ContactViewModel.swift in Sources */ = {isa = PBXBuildFile; fileRef = 13E75A3B23BF862D00CD3596 /* ContactViewModel.swift */; };
		13E75A3F23BF864400CD3596 /* ContactCell.swift in Sources */ = {isa = PBXBuildFile; fileRef = 13E75A3D23BF864300CD3596 /* ContactCell.swift */; };
		13E75A4023BF864400CD3596 /* ContactCell.xib in Resources */ = {isa = PBXBuildFile; fileRef = 13E75A3E23BF864400CD3596 /* ContactCell.xib */; };
		13E75A4323BF865B00CD3596 /* NewContactCell.xib in Resources */ = {isa = PBXBuildFile; fileRef = 13E75A4123BF865B00CD3596 /* NewContactCell.xib */; };
		13E75A4423BF865B00CD3596 /* NewContactCell.swift in Sources */ = {isa = PBXBuildFile; fileRef = 13E75A4223BF865B00CD3596 /* NewContactCell.swift */; };
		13E75A4623BF866700CD3596 /* NewContactViewModel.swift in Sources */ = {isa = PBXBuildFile; fileRef = 13E75A4523BF866700CD3596 /* NewContactViewModel.swift */; };
		13E75A4B23BF971100CD3596 /* DescriptionModel.swift in Sources */ = {isa = PBXBuildFile; fileRef = 13E75A4923BF971100CD3596 /* DescriptionModel.swift */; };
		13E75A4C23BF971100CD3596 /* Contact.swift in Sources */ = {isa = PBXBuildFile; fileRef = 13E75A4A23BF971100CD3596 /* Contact.swift */; };
		13E75A5623BFD20600CD3596 /* ProgramaticallyCell.swift in Sources */ = {isa = PBXBuildFile; fileRef = 13E75A5523BFD20600CD3596 /* ProgramaticallyCell.swift */; };
		13E75A5823BFD22600CD3596 /* ProgramaticallyViewModel.swift in Sources */ = {isa = PBXBuildFile; fileRef = 13E75A5723BFD22600CD3596 /* ProgramaticallyViewModel.swift */; };
		1A8929472F9636FD35AF29D1 /* Pods_BEKMultiCellTable_Tests.framework in Frameworks */ = {isa = PBXBuildFile; fileRef = 2D1AD0676BB41DB2854DD786 /* Pods_BEKMultiCellTable_Tests.framework */; };
		607FACD61AFB9204008FA782 /* AppDelegate.swift in Sources */ = {isa = PBXBuildFile; fileRef = 607FACD51AFB9204008FA782 /* AppDelegate.swift */; };
		607FACEC1AFB9204008FA782 /* Tests.swift in Sources */ = {isa = PBXBuildFile; fileRef = 607FACEB1AFB9204008FA782 /* Tests.swift */; };
		9265E31B85C1340E22F2A34B /* Pods_BEKMultiCellTable_Example.framework in Frameworks */ = {isa = PBXBuildFile; fileRef = 9241F39617F063CBDE9BC931 /* Pods_BEKMultiCellTable_Example.framework */; };
/* End PBXBuildFile section */

/* Begin PBXContainerItemProxy section */
		607FACE61AFB9204008FA782 /* PBXContainerItemProxy */ = {
			isa = PBXContainerItemProxy;
			containerPortal = 607FACC81AFB9204008FA782 /* Project object */;
			proxyType = 1;
			remoteGlobalIDString = 607FACCF1AFB9204008FA782;
			remoteInfo = BEKMultiCellTable;
		};
/* End PBXContainerItemProxy section */

/* Begin PBXFileReference section */
		13E75A2623BF81E600CD3596 /* ViewController.swift */ = {isa = PBXFileReference; fileEncoding = 4; lastKnownFileType = sourcecode.swift; path = ViewController.swift; sourceTree = "<group>"; };
		13E75A2723BF81E600CD3596 /* LaunchScreen.storyboard */ = {isa = PBXFileReference; fileEncoding = 4; lastKnownFileType = file.storyboard; path = LaunchScreen.storyboard; sourceTree = "<group>"; };
		13E75A2823BF81E700CD3596 /* Assets.xcassets */ = {isa = PBXFileReference; lastKnownFileType = folder.assetcatalog; path = Assets.xcassets; sourceTree = "<group>"; };
		13E75A2923BF81E700CD3596 /* Main.storyboard */ = {isa = PBXFileReference; fileEncoding = 4; lastKnownFileType = file.storyboard; path = Main.storyboard; sourceTree = "<group>"; };
		13E75A3323BF860100CD3596 /* DescriptionCell.xib */ = {isa = PBXFileReference; fileEncoding = 4; lastKnownFileType = file.xib; path = DescriptionCell.xib; sourceTree = "<group>"; };
		13E75A3423BF860100CD3596 /* DescriptionCell.swift */ = {isa = PBXFileReference; fileEncoding = 4; lastKnownFileType = sourcecode.swift; path = DescriptionCell.swift; sourceTree = "<group>"; };
		13E75A3923BF861D00CD3596 /* DescriptionViewModel.swift */ = {isa = PBXFileReference; fileEncoding = 4; lastKnownFileType = sourcecode.swift; path = DescriptionViewModel.swift; sourceTree = "<group>"; };
		13E75A3B23BF862D00CD3596 /* ContactViewModel.swift */ = {isa = PBXFileReference; fileEncoding = 4; lastKnownFileType = sourcecode.swift; path = ContactViewModel.swift; sourceTree = "<group>"; };
		13E75A3D23BF864300CD3596 /* ContactCell.swift */ = {isa = PBXFileReference; fileEncoding = 4; lastKnownFileType = sourcecode.swift; path = ContactCell.swift; sourceTree = "<group>"; };
		13E75A3E23BF864400CD3596 /* ContactCell.xib */ = {isa = PBXFileReference; fileEncoding = 4; lastKnownFileType = file.xib; path = ContactCell.xib; sourceTree = "<group>"; };
		13E75A4123BF865B00CD3596 /* NewContactCell.xib */ = {isa = PBXFileReference; fileEncoding = 4; lastKnownFileType = file.xib; path = NewContactCell.xib; sourceTree = "<group>"; };
		13E75A4223BF865B00CD3596 /* NewContactCell.swift */ = {isa = PBXFileReference; fileEncoding = 4; lastKnownFileType = sourcecode.swift; path = NewContactCell.swift; sourceTree = "<group>"; };
		13E75A4523BF866700CD3596 /* NewContactViewModel.swift */ = {isa = PBXFileReference; fileEncoding = 4; lastKnownFileType = sourcecode.swift; path = NewContactViewModel.swift; sourceTree = "<group>"; };
		13E75A4923BF971100CD3596 /* DescriptionModel.swift */ = {isa = PBXFileReference; fileEncoding = 4; lastKnownFileType = sourcecode.swift; path = DescriptionModel.swift; sourceTree = "<group>"; };
		13E75A4A23BF971100CD3596 /* Contact.swift */ = {isa = PBXFileReference; fileEncoding = 4; lastKnownFileType = sourcecode.swift; path = Contact.swift; sourceTree = "<group>"; };
		13E75A5523BFD20600CD3596 /* ProgramaticallyCell.swift */ = {isa = PBXFileReference; lastKnownFileType = sourcecode.swift; path = ProgramaticallyCell.swift; sourceTree = "<group>"; };
		13E75A5723BFD22600CD3596 /* ProgramaticallyViewModel.swift */ = {isa = PBXFileReference; lastKnownFileType = sourcecode.swift; path = ProgramaticallyViewModel.swift; sourceTree = "<group>"; };
		2D1AD0676BB41DB2854DD786 /* Pods_BEKMultiCellTable_Tests.framework */ = {isa = PBXFileReference; explicitFileType = wrapper.framework; includeInIndex = 0; path = Pods_BEKMultiCellTable_Tests.framework; sourceTree = BUILT_PRODUCTS_DIR; };
		5D824C507898B91D68451D65 /* Pods-BEKMultiCellTable_Example.debug.xcconfig */ = {isa = PBXFileReference; includeInIndex = 1; lastKnownFileType = text.xcconfig; name = "Pods-BEKMultiCellTable_Example.debug.xcconfig"; path = "Target Support Files/Pods-BEKMultiCellTable_Example/Pods-BEKMultiCellTable_Example.debug.xcconfig"; sourceTree = "<group>"; };
		607FACD01AFB9204008FA782 /* BEKMultiCellTable_Example.app */ = {isa = PBXFileReference; explicitFileType = wrapper.application; includeInIndex = 0; path = BEKMultiCellTable_Example.app; sourceTree = BUILT_PRODUCTS_DIR; };
		607FACD41AFB9204008FA782 /* Info.plist */ = {isa = PBXFileReference; lastKnownFileType = text.plist.xml; path = Info.plist; sourceTree = "<group>"; };
		607FACD51AFB9204008FA782 /* AppDelegate.swift */ = {isa = PBXFileReference; lastKnownFileType = sourcecode.swift; path = AppDelegate.swift; sourceTree = "<group>"; };
		607FACE51AFB9204008FA782 /* BEKMultiCellTable_Tests.xctest */ = {isa = PBXFileReference; explicitFileType = wrapper.cfbundle; includeInIndex = 0; path = BEKMultiCellTable_Tests.xctest; sourceTree = BUILT_PRODUCTS_DIR; };
		607FACEA1AFB9204008FA782 /* Info.plist */ = {isa = PBXFileReference; lastKnownFileType = text.plist.xml; path = Info.plist; sourceTree = "<group>"; };
		607FACEB1AFB9204008FA782 /* Tests.swift */ = {isa = PBXFileReference; lastKnownFileType = sourcecode.swift; path = Tests.swift; sourceTree = "<group>"; };
		6D85B00FF6D0F4E25785D057 /* README.md */ = {isa = PBXFileReference; includeInIndex = 1; lastKnownFileType = net.daringfireball.markdown; name = README.md; path = ../README.md; sourceTree = "<group>"; };
		9241F39617F063CBDE9BC931 /* Pods_BEKMultiCellTable_Example.framework */ = {isa = PBXFileReference; explicitFileType = wrapper.framework; includeInIndex = 0; path = Pods_BEKMultiCellTable_Example.framework; sourceTree = BUILT_PRODUCTS_DIR; };
		A9C62F886278713C9B01E8B1 /* Pods-BEKMultiCellTable_Tests.release.xcconfig */ = {isa = PBXFileReference; includeInIndex = 1; lastKnownFileType = text.xcconfig; name = "Pods-BEKMultiCellTable_Tests.release.xcconfig"; path = "Target Support Files/Pods-BEKMultiCellTable_Tests/Pods-BEKMultiCellTable_Tests.release.xcconfig"; sourceTree = "<group>"; };
		B1CA29B5F9AC67489ED74BDE /* Pods-BEKMultiCellTable_Example.release.xcconfig */ = {isa = PBXFileReference; includeInIndex = 1; lastKnownFileType = text.xcconfig; name = "Pods-BEKMultiCellTable_Example.release.xcconfig"; path = "Target Support Files/Pods-BEKMultiCellTable_Example/Pods-BEKMultiCellTable_Example.release.xcconfig"; sourceTree = "<group>"; };
		BEED1D3D787BD8DA18B2DC40 /* LICENSE */ = {isa = PBXFileReference; includeInIndex = 1; lastKnownFileType = text; name = LICENSE; path = ../LICENSE; sourceTree = "<group>"; };
		C3380E3C7DEE3DFF2BBE6538 /* Pods-BEKMultiCellTable_Tests.debug.xcconfig */ = {isa = PBXFileReference; includeInIndex = 1; lastKnownFileType = text.xcconfig; name = "Pods-BEKMultiCellTable_Tests.debug.xcconfig"; path = "Target Support Files/Pods-BEKMultiCellTable_Tests/Pods-BEKMultiCellTable_Tests.debug.xcconfig"; sourceTree = "<group>"; };
		E97B47E1E354493EC511E22C /* BEKMultiCellTable.podspec */ = {isa = PBXFileReference; includeInIndex = 1; lastKnownFileType = text; name = BEKMultiCellTable.podspec; path = ../BEKMultiCellTable.podspec; sourceTree = "<group>"; xcLanguageSpecificationIdentifier = xcode.lang.ruby; };
/* End PBXFileReference section */

/* Begin PBXFrameworksBuildPhase section */
		607FACCD1AFB9204008FA782 /* Frameworks */ = {
			isa = PBXFrameworksBuildPhase;
			buildActionMask = 2147483647;
			files = (
				9265E31B85C1340E22F2A34B /* Pods_BEKMultiCellTable_Example.framework in Frameworks */,
			);
			runOnlyForDeploymentPostprocessing = 0;
		};
		607FACE21AFB9204008FA782 /* Frameworks */ = {
			isa = PBXFrameworksBuildPhase;
			buildActionMask = 2147483647;
			files = (
				1A8929472F9636FD35AF29D1 /* Pods_BEKMultiCellTable_Tests.framework in Frameworks */,
			);
			runOnlyForDeploymentPostprocessing = 0;
		};
/* End PBXFrameworksBuildPhase section */

/* Begin PBXGroup section */
		13E75A2E23BF85CB00CD3596 /* Models */ = {
			isa = PBXGroup;
			children = (
				13E75A4A23BF971100CD3596 /* Contact.swift */,
				13E75A4923BF971100CD3596 /* DescriptionModel.swift */,
			);
			name = Models;
			sourceTree = "<group>";
		};
		13E75A2F23BF85D400CD3596 /* DescriptionCell */ = {
			isa = PBXGroup;
			children = (
				13E75A3723BF860700CD3596 /* VM */,
				13E75A3423BF860100CD3596 /* DescriptionCell.swift */,
				13E75A3323BF860100CD3596 /* DescriptionCell.xib */,
			);
			name = DescriptionCell;
			sourceTree = "<group>";
		};
		13E75A3023BF85DD00CD3596 /* ContactCell */ = {
			isa = PBXGroup;
			children = (
				13E75A3D23BF864300CD3596 /* ContactCell.swift */,
				13E75A3E23BF864400CD3596 /* ContactCell.xib */,
				13E75A3823BF860E00CD3596 /* VM */,
			);
			name = ContactCell;
			sourceTree = "<group>";
		};
		13E75A3123BF85E800CD3596 /* NewContactCell */ = {
			isa = PBXGroup;
			children = (
				13E75A3223BF85F000CD3596 /* VM */,
				13E75A4223BF865B00CD3596 /* NewContactCell.swift */,
				13E75A4123BF865B00CD3596 /* NewContactCell.xib */,
			);
			name = NewContactCell;
			sourceTree = "<group>";
		};
		13E75A3223BF85F000CD3596 /* VM */ = {
			isa = PBXGroup;
			children = (
				13E75A4523BF866700CD3596 /* NewContactViewModel.swift */,
			);
			name = VM;
			sourceTree = "<group>";
		};
		13E75A3723BF860700CD3596 /* VM */ = {
			isa = PBXGroup;
			children = (
				13E75A3923BF861D00CD3596 /* DescriptionViewModel.swift */,
			);
			name = VM;
			sourceTree = "<group>";
		};
		13E75A3823BF860E00CD3596 /* VM */ = {
			isa = PBXGroup;
			children = (
				13E75A3B23BF862D00CD3596 /* ContactViewModel.swift */,
			);
			name = VM;
			sourceTree = "<group>";
		};
		13E75A5323BFD1CB00CD3596 /* ProgramaticallyCell */ = {
			isa = PBXGroup;
			children = (
				13E75A5423BFD1E400CD3596 /* VM */,
				13E75A5523BFD20600CD3596 /* ProgramaticallyCell.swift */,
			);
			name = ProgramaticallyCell;
			sourceTree = "<group>";
		};
		13E75A5423BFD1E400CD3596 /* VM */ = {
			isa = PBXGroup;
			children = (
				13E75A5723BFD22600CD3596 /* ProgramaticallyViewModel.swift */,
			);
			name = VM;
			sourceTree = "<group>";
		};
		40E9A940076BF8F0B7931BD9 /* Pods */ = {
			isa = PBXGroup;
			children = (
				5D824C507898B91D68451D65 /* Pods-BEKMultiCellTable_Example.debug.xcconfig */,
				B1CA29B5F9AC67489ED74BDE /* Pods-BEKMultiCellTable_Example.release.xcconfig */,
				C3380E3C7DEE3DFF2BBE6538 /* Pods-BEKMultiCellTable_Tests.debug.xcconfig */,
				A9C62F886278713C9B01E8B1 /* Pods-BEKMultiCellTable_Tests.release.xcconfig */,
			);
			path = Pods;
			sourceTree = "<group>";
		};
		607FACC71AFB9204008FA782 = {
			isa = PBXGroup;
			children = (
				607FACF51AFB993E008FA782 /* Podspec Metadata */,
				607FACD21AFB9204008FA782 /* Example for BEKMultiCellTable */,
				607FACE81AFB9204008FA782 /* Tests */,
				607FACD11AFB9204008FA782 /* Products */,
				40E9A940076BF8F0B7931BD9 /* Pods */,
				76010D18F0CE5617AF87231C /* Frameworks */,
			);
			sourceTree = "<group>";
		};
		607FACD11AFB9204008FA782 /* Products */ = {
			isa = PBXGroup;
			children = (
				607FACD01AFB9204008FA782 /* BEKMultiCellTable_Example.app */,
				607FACE51AFB9204008FA782 /* BEKMultiCellTable_Tests.xctest */,
			);
			name = Products;
			sourceTree = "<group>";
		};
		607FACD21AFB9204008FA782 /* Example for BEKMultiCellTable */ = {
			isa = PBXGroup;
			children = (
				13E75A5323BFD1CB00CD3596 /* ProgramaticallyCell */,
				13E75A3123BF85E800CD3596 /* NewContactCell */,
				13E75A3023BF85DD00CD3596 /* ContactCell */,
				13E75A2F23BF85D400CD3596 /* DescriptionCell */,
				13E75A2E23BF85CB00CD3596 /* Models */,
				607FACD51AFB9204008FA782 /* AppDelegate.swift */,
				13E75A2823BF81E700CD3596 /* Assets.xcassets */,
				13E75A2723BF81E600CD3596 /* LaunchScreen.storyboard */,
				13E75A2923BF81E700CD3596 /* Main.storyboard */,
				13E75A2623BF81E600CD3596 /* ViewController.swift */,
				607FACD31AFB9204008FA782 /* Supporting Files */,
			);
			name = "Example for BEKMultiCellTable";
			path = BEKMultiCellTable;
			sourceTree = "<group>";
		};
		607FACD31AFB9204008FA782 /* Supporting Files */ = {
			isa = PBXGroup;
			children = (
				607FACD41AFB9204008FA782 /* Info.plist */,
			);
			name = "Supporting Files";
			sourceTree = "<group>";
		};
		607FACE81AFB9204008FA782 /* Tests */ = {
			isa = PBXGroup;
			children = (
				607FACEB1AFB9204008FA782 /* Tests.swift */,
				607FACE91AFB9204008FA782 /* Supporting Files */,
			);
			path = Tests;
			sourceTree = "<group>";
		};
		607FACE91AFB9204008FA782 /* Supporting Files */ = {
			isa = PBXGroup;
			children = (
				607FACEA1AFB9204008FA782 /* Info.plist */,
			);
			name = "Supporting Files";
			sourceTree = "<group>";
		};
		607FACF51AFB993E008FA782 /* Podspec Metadata */ = {
			isa = PBXGroup;
			children = (
				E97B47E1E354493EC511E22C /* BEKMultiCellTable.podspec */,
				6D85B00FF6D0F4E25785D057 /* README.md */,
				BEED1D3D787BD8DA18B2DC40 /* LICENSE */,
			);
			name = "Podspec Metadata";
			sourceTree = "<group>";
		};
		76010D18F0CE5617AF87231C /* Frameworks */ = {
			isa = PBXGroup;
			children = (
				9241F39617F063CBDE9BC931 /* Pods_BEKMultiCellTable_Example.framework */,
				2D1AD0676BB41DB2854DD786 /* Pods_BEKMultiCellTable_Tests.framework */,
			);
			name = Frameworks;
			sourceTree = "<group>";
		};
/* End PBXGroup section */

/* Begin PBXNativeTarget section */
		607FACCF1AFB9204008FA782 /* BEKMultiCellTable_Example */ = {
			isa = PBXNativeTarget;
			buildConfigurationList = 607FACEF1AFB9204008FA782 /* Build configuration list for PBXNativeTarget "BEKMultiCellTable_Example" */;
			buildPhases = (
				9ACE747FD08708FB8105DA53 /* [CP] Check Pods Manifest.lock */,
				607FACCC1AFB9204008FA782 /* Sources */,
				607FACCD1AFB9204008FA782 /* Frameworks */,
				607FACCE1AFB9204008FA782 /* Resources */,
				287F1CFE6CA634834DFB5A77 /* [CP] Embed Pods Frameworks */,
			);
			buildRules = (
			);
			dependencies = (
			);
			name = BEKMultiCellTable_Example;
			productName = BEKMultiCellTable;
			productReference = 607FACD01AFB9204008FA782 /* BEKMultiCellTable_Example.app */;
			productType = "com.apple.product-type.application";
		};
		607FACE41AFB9204008FA782 /* BEKMultiCellTable_Tests */ = {
			isa = PBXNativeTarget;
			buildConfigurationList = 607FACF21AFB9204008FA782 /* Build configuration list for PBXNativeTarget "BEKMultiCellTable_Tests" */;
			buildPhases = (
				AC8502F0887C13541874AD8C /* [CP] Check Pods Manifest.lock */,
				607FACE11AFB9204008FA782 /* Sources */,
				607FACE21AFB9204008FA782 /* Frameworks */,
				607FACE31AFB9204008FA782 /* Resources */,
				25883C994F70F8FCD57D6E21 /* [CP] Embed Pods Frameworks */,
			);
			buildRules = (
			);
			dependencies = (
				607FACE71AFB9204008FA782 /* PBXTargetDependency */,
			);
			name = BEKMultiCellTable_Tests;
			productName = Tests;
			productReference = 607FACE51AFB9204008FA782 /* BEKMultiCellTable_Tests.xctest */;
			productType = "com.apple.product-type.bundle.unit-test";
		};
/* End PBXNativeTarget section */

/* Begin PBXProject section */
		607FACC81AFB9204008FA782 /* Project object */ = {
			isa = PBXProject;
			attributes = {
				LastSwiftUpdateCheck = 0830;
				LastUpgradeCheck = 0830;
				ORGANIZATIONNAME = CocoaPods;
				TargetAttributes = {
					607FACCF1AFB9204008FA782 = {
						CreatedOnToolsVersion = 6.3.1;
						LastSwiftMigration = 0900;
					};
					607FACE41AFB9204008FA782 = {
						CreatedOnToolsVersion = 6.3.1;
						LastSwiftMigration = 0900;
						TestTargetID = 607FACCF1AFB9204008FA782;
					};
				};
			};
			buildConfigurationList = 607FACCB1AFB9204008FA782 /* Build configuration list for PBXProject "BEKMultiCellTable" */;
			compatibilityVersion = "Xcode 3.2";
			developmentRegion = English;
			hasScannedForEncodings = 0;
			knownRegions = (
				English,
				en,
				Base,
			);
			mainGroup = 607FACC71AFB9204008FA782;
			productRefGroup = 607FACD11AFB9204008FA782 /* Products */;
			projectDirPath = "";
			projectRoot = "";
			targets = (
				607FACCF1AFB9204008FA782 /* BEKMultiCellTable_Example */,
				607FACE41AFB9204008FA782 /* BEKMultiCellTable_Tests */,
			);
		};
/* End PBXProject section */

/* Begin PBXResourcesBuildPhase section */
		607FACCE1AFB9204008FA782 /* Resources */ = {
			isa = PBXResourcesBuildPhase;
			buildActionMask = 2147483647;
			files = (
				13E75A3523BF860100CD3596 /* DescriptionCell.xib in Resources */,
				13E75A4323BF865B00CD3596 /* NewContactCell.xib in Resources */,
				13E75A2D23BF81E700CD3596 /* Main.storyboard in Resources */,
				13E75A2C23BF81E700CD3596 /* Assets.xcassets in Resources */,
				13E75A4023BF864400CD3596 /* ContactCell.xib in Resources */,
				13E75A2B23BF81E700CD3596 /* LaunchScreen.storyboard in Resources */,
			);
			runOnlyForDeploymentPostprocessing = 0;
		};
		607FACE31AFB9204008FA782 /* Resources */ = {
			isa = PBXResourcesBuildPhase;
			buildActionMask = 2147483647;
			files = (
			);
			runOnlyForDeploymentPostprocessing = 0;
		};
/* End PBXResourcesBuildPhase section */

/* Begin PBXShellScriptBuildPhase section */
		25883C994F70F8FCD57D6E21 /* [CP] Embed Pods Frameworks */ = {
			isa = PBXShellScriptBuildPhase;
			buildActionMask = 2147483647;
			files = (
			);
			inputPaths = (
				"${PODS_ROOT}/Target Support Files/Pods-BEKMultiCellTable_Tests/Pods-BEKMultiCellTable_Tests-frameworks.sh",
				"${BUILT_PRODUCTS_DIR}/Nimble/Nimble.framework",
				"${BUILT_PRODUCTS_DIR}/Quick/Quick.framework",
			);
			name = "[CP] Embed Pods Frameworks";
			outputPaths = (
				"${TARGET_BUILD_DIR}/${FRAMEWORKS_FOLDER_PATH}/Nimble.framework",
				"${TARGET_BUILD_DIR}/${FRAMEWORKS_FOLDER_PATH}/Quick.framework",
			);
			runOnlyForDeploymentPostprocessing = 0;
			shellPath = /bin/sh;
			shellScript = "\"${PODS_ROOT}/Target Support Files/Pods-BEKMultiCellTable_Tests/Pods-BEKMultiCellTable_Tests-frameworks.sh\"\n";
			showEnvVarsInLog = 0;
		};
		287F1CFE6CA634834DFB5A77 /* [CP] Embed Pods Frameworks */ = {
			isa = PBXShellScriptBuildPhase;
			buildActionMask = 2147483647;
			files = (
			);
			inputPaths = (
				"${PODS_ROOT}/Target Support Files/Pods-BEKMultiCellTable_Example/Pods-BEKMultiCellTable_Example-frameworks.sh",
				"${BUILT_PRODUCTS_DIR}/BEKMultiCellTable/BEKMultiCellTable.framework",
			);
			name = "[CP] Embed Pods Frameworks";
			outputPaths = (
				"${TARGET_BUILD_DIR}/${FRAMEWORKS_FOLDER_PATH}/BEKMultiCellTable.framework",
			);
			runOnlyForDeploymentPostprocessing = 0;
			shellPath = /bin/sh;
			shellScript = "\"${PODS_ROOT}/Target Support Files/Pods-BEKMultiCellTable_Example/Pods-BEKMultiCellTable_Example-frameworks.sh\"\n";
			showEnvVarsInLog = 0;
		};
		9ACE747FD08708FB8105DA53 /* [CP] Check Pods Manifest.lock */ = {
			isa = PBXShellScriptBuildPhase;
			buildActionMask = 2147483647;
			files = (
			);
			inputFileListPaths = (
			);
			inputPaths = (
				"${PODS_PODFILE_DIR_PATH}/Podfile.lock",
				"${PODS_ROOT}/Manifest.lock",
			);
			name = "[CP] Check Pods Manifest.lock";
			outputFileListPaths = (
			);
			outputPaths = (
				"$(DERIVED_FILE_DIR)/Pods-BEKMultiCellTable_Example-checkManifestLockResult.txt",
			);
			runOnlyForDeploymentPostprocessing = 0;
			shellPath = /bin/sh;
			shellScript = "diff \"${PODS_PODFILE_DIR_PATH}/Podfile.lock\" \"${PODS_ROOT}/Manifest.lock\" > /dev/null\nif [ $? != 0 ] ; then\n    # print error to STDERR\n    echo \"error: The sandbox is not in sync with the Podfile.lock. Run 'pod install' or update your CocoaPods installation.\" >&2\n    exit 1\nfi\n# This output is used by Xcode 'outputs' to avoid re-running this script phase.\necho \"SUCCESS\" > \"${SCRIPT_OUTPUT_FILE_0}\"\n";
			showEnvVarsInLog = 0;
		};
		AC8502F0887C13541874AD8C /* [CP] Check Pods Manifest.lock */ = {
			isa = PBXShellScriptBuildPhase;
			buildActionMask = 2147483647;
			files = (
			);
			inputFileListPaths = (
			);
			inputPaths = (
				"${PODS_PODFILE_DIR_PATH}/Podfile.lock",
				"${PODS_ROOT}/Manifest.lock",
			);
			name = "[CP] Check Pods Manifest.lock";
			outputFileListPaths = (
			);
			outputPaths = (
				"$(DERIVED_FILE_DIR)/Pods-BEKMultiCellTable_Tests-checkManifestLockResult.txt",
			);
			runOnlyForDeploymentPostprocessing = 0;
			shellPath = /bin/sh;
			shellScript = "diff \"${PODS_PODFILE_DIR_PATH}/Podfile.lock\" \"${PODS_ROOT}/Manifest.lock\" > /dev/null\nif [ $? != 0 ] ; then\n    # print error to STDERR\n    echo \"error: The sandbox is not in sync with the Podfile.lock. Run 'pod install' or update your CocoaPods installation.\" >&2\n    exit 1\nfi\n# This output is used by Xcode 'outputs' to avoid re-running this script phase.\necho \"SUCCESS\" > \"${SCRIPT_OUTPUT_FILE_0}\"\n";
			showEnvVarsInLog = 0;
		};
/* End PBXShellScriptBuildPhase section */

/* Begin PBXSourcesBuildPhase section */
		607FACCC1AFB9204008FA782 /* Sources */ = {
			isa = PBXSourcesBuildPhase;
			buildActionMask = 2147483647;
			files = (
				13E75A3F23BF864400CD3596 /* ContactCell.swift in Sources */,
				13E75A4B23BF971100CD3596 /* DescriptionModel.swift in Sources */,
				13E75A4C23BF971100CD3596 /* Contact.swift in Sources */,
				13E75A2A23BF81E700CD3596 /* ViewController.swift in Sources */,
				13E75A5823BFD22600CD3596 /* ProgramaticallyViewModel.swift in Sources */,
				13E75A5623BFD20600CD3596 /* ProgramaticallyCell.swift in Sources */,
				13E75A3A23BF861D00CD3596 /* DescriptionViewModel.swift in Sources */,
				13E75A3C23BF862D00CD3596 /* ContactViewModel.swift in Sources */,
				607FACD61AFB9204008FA782 /* AppDelegate.swift in Sources */,
				13E75A4423BF865B00CD3596 /* NewContactCell.swift in Sources */,
				13E75A4623BF866700CD3596 /* NewContactViewModel.swift in Sources */,
				13E75A3623BF860100CD3596 /* DescriptionCell.swift in Sources */,
			);
			runOnlyForDeploymentPostprocessing = 0;
		};
		607FACE11AFB9204008FA782 /* Sources */ = {
			isa = PBXSourcesBuildPhase;
			buildActionMask = 2147483647;
			files = (
				607FACEC1AFB9204008FA782 /* Tests.swift in Sources */,
			);
			runOnlyForDeploymentPostprocessing = 0;
		};
/* End PBXSourcesBuildPhase section */

/* Begin PBXTargetDependency section */
		607FACE71AFB9204008FA782 /* PBXTargetDependency */ = {
			isa = PBXTargetDependency;
			target = 607FACCF1AFB9204008FA782 /* BEKMultiCellTable_Example */;
			targetProxy = 607FACE61AFB9204008FA782 /* PBXContainerItemProxy */;
		};
/* End PBXTargetDependency section */

/* Begin XCBuildConfiguration section */
		607FACED1AFB9204008FA782 /* Debug */ = {
			isa = XCBuildConfiguration;
			buildSettings = {
				ALWAYS_SEARCH_USER_PATHS = NO;
				CLANG_CXX_LANGUAGE_STANDARD = "gnu++0x";
				CLANG_CXX_LIBRARY = "libc++";
				CLANG_ENABLE_MODULES = YES;
				CLANG_ENABLE_OBJC_ARC = YES;
				CLANG_WARN_BLOCK_CAPTURE_AUTORELEASING = YES;
				CLANG_WARN_BOOL_CONVERSION = YES;
				CLANG_WARN_COMMA = YES;
				CLANG_WARN_CONSTANT_CONVERSION = YES;
				CLANG_WARN_DIRECT_OBJC_ISA_USAGE = YES_ERROR;
				CLANG_WARN_EMPTY_BODY = YES;
				CLANG_WARN_ENUM_CONVERSION = YES;
				CLANG_WARN_INFINITE_RECURSION = YES;
				CLANG_WARN_INT_CONVERSION = YES;
				CLANG_WARN_NON_LITERAL_NULL_CONVERSION = YES;
				CLANG_WARN_OBJC_LITERAL_CONVERSION = YES;
				CLANG_WARN_OBJC_ROOT_CLASS = YES_ERROR;
				CLANG_WARN_RANGE_LOOP_ANALYSIS = YES;
				CLANG_WARN_STRICT_PROTOTYPES = YES;
				CLANG_WARN_SUSPICIOUS_MOVE = YES;
				CLANG_WARN_UNREACHABLE_CODE = YES;
				CLANG_WARN__DUPLICATE_METHOD_MATCH = YES;
				"CODE_SIGN_IDENTITY[sdk=iphoneos*]" = "iPhone Developer";
				COPY_PHASE_STRIP = NO;
				DEBUG_INFORMATION_FORMAT = "dwarf-with-dsym";
				ENABLE_STRICT_OBJC_MSGSEND = YES;
				ENABLE_TESTABILITY = YES;
				GCC_C_LANGUAGE_STANDARD = gnu99;
				GCC_DYNAMIC_NO_PIC = NO;
				GCC_NO_COMMON_BLOCKS = YES;
				GCC_OPTIMIZATION_LEVEL = 0;
				GCC_PREPROCESSOR_DEFINITIONS = (
					"DEBUG=1",
					"$(inherited)",
				);
				GCC_SYMBOLS_PRIVATE_EXTERN = NO;
				GCC_WARN_64_TO_32_BIT_CONVERSION = YES;
				GCC_WARN_ABOUT_RETURN_TYPE = YES_ERROR;
				GCC_WARN_UNDECLARED_SELECTOR = YES;
				GCC_WARN_UNINITIALIZED_AUTOS = YES_AGGRESSIVE;
				GCC_WARN_UNUSED_FUNCTION = YES;
				GCC_WARN_UNUSED_VARIABLE = YES;
				IPHONEOS_DEPLOYMENT_TARGET = 9.3;
				MTL_ENABLE_DEBUG_INFO = YES;
				ONLY_ACTIVE_ARCH = YES;
				SDKROOT = iphoneos;
				SWIFT_OPTIMIZATION_LEVEL = "-Onone";
			};
			name = Debug;
		};
		607FACEE1AFB9204008FA782 /* Release */ = {
			isa = XCBuildConfiguration;
			buildSettings = {
				ALWAYS_SEARCH_USER_PATHS = NO;
				CLANG_CXX_LANGUAGE_STANDARD = "gnu++0x";
				CLANG_CXX_LIBRARY = "libc++";
				CLANG_ENABLE_MODULES = YES;
				CLANG_ENABLE_OBJC_ARC = YES;
				CLANG_WARN_BLOCK_CAPTURE_AUTORELEASING = YES;
				CLANG_WARN_BOOL_CONVERSION = YES;
				CLANG_WARN_COMMA = YES;
				CLANG_WARN_CONSTANT_CONVERSION = YES;
				CLANG_WARN_DIRECT_OBJC_ISA_USAGE = YES_ERROR;
				CLANG_WARN_EMPTY_BODY = YES;
				CLANG_WARN_ENUM_CONVERSION = YES;
				CLANG_WARN_INFINITE_RECURSION = YES;
				CLANG_WARN_INT_CONVERSION = YES;
				CLANG_WARN_NON_LITERAL_NULL_CONVERSION = YES;
				CLANG_WARN_OBJC_LITERAL_CONVERSION = YES;
				CLANG_WARN_OBJC_ROOT_CLASS = YES_ERROR;
				CLANG_WARN_RANGE_LOOP_ANALYSIS = YES;
				CLANG_WARN_STRICT_PROTOTYPES = YES;
				CLANG_WARN_SUSPICIOUS_MOVE = YES;
				CLANG_WARN_UNREACHABLE_CODE = YES;
				CLANG_WARN__DUPLICATE_METHOD_MATCH = YES;
				"CODE_SIGN_IDENTITY[sdk=iphoneos*]" = "iPhone Developer";
				COPY_PHASE_STRIP = NO;
				DEBUG_INFORMATION_FORMAT = "dwarf-with-dsym";
				ENABLE_NS_ASSERTIONS = NO;
				ENABLE_STRICT_OBJC_MSGSEND = YES;
				GCC_C_LANGUAGE_STANDARD = gnu99;
				GCC_NO_COMMON_BLOCKS = YES;
				GCC_WARN_64_TO_32_BIT_CONVERSION = YES;
				GCC_WARN_ABOUT_RETURN_TYPE = YES_ERROR;
				GCC_WARN_UNDECLARED_SELECTOR = YES;
				GCC_WARN_UNINITIALIZED_AUTOS = YES_AGGRESSIVE;
				GCC_WARN_UNUSED_FUNCTION = YES;
				GCC_WARN_UNUSED_VARIABLE = YES;
				IPHONEOS_DEPLOYMENT_TARGET = 9.3;
				MTL_ENABLE_DEBUG_INFO = NO;
				SDKROOT = iphoneos;
				SWIFT_OPTIMIZATION_LEVEL = "-Owholemodule";
				VALIDATE_PRODUCT = YES;
			};
			name = Release;
		};
		607FACF01AFB9204008FA782 /* Debug */ = {
			isa = XCBuildConfiguration;
			baseConfigurationReference = 5D824C507898B91D68451D65 /* Pods-BEKMultiCellTable_Example.debug.xcconfig */;
			buildSettings = {
				ASSETCATALOG_COMPILER_APPICON_NAME = AppIcon;
				INFOPLIST_FILE = BEKMultiCellTable/Info.plist;
				LD_RUNPATH_SEARCH_PATHS = "$(inherited) @executable_path/Frameworks";
				MODULE_NAME = ExampleApp;
				PRODUCT_BUNDLE_IDENTIFIER = "org.cocoapods.demo.$(PRODUCT_NAME:rfc1034identifier)";
				PRODUCT_NAME = "$(TARGET_NAME)";
				SWIFT_SWIFT3_OBJC_INFERENCE = Default;
				SWIFT_VERSION = 4.0;
			};
			name = Debug;
		};
		607FACF11AFB9204008FA782 /* Release */ = {
			isa = XCBuildConfiguration;
			baseConfigurationReference = B1CA29B5F9AC67489ED74BDE /* Pods-BEKMultiCellTable_Example.release.xcconfig */;
			buildSettings = {
				ASSETCATALOG_COMPILER_APPICON_NAME = AppIcon;
				INFOPLIST_FILE = BEKMultiCellTable/Info.plist;
				LD_RUNPATH_SEARCH_PATHS = "$(inherited) @executable_path/Frameworks";
				MODULE_NAME = ExampleApp;
				PRODUCT_BUNDLE_IDENTIFIER = "org.cocoapods.demo.$(PRODUCT_NAME:rfc1034identifier)";
				PRODUCT_NAME = "$(TARGET_NAME)";
				SWIFT_SWIFT3_OBJC_INFERENCE = Default;
				SWIFT_VERSION = 4.0;
			};
			name = Release;
		};
		607FACF31AFB9204008FA782 /* Debug */ = {
			isa = XCBuildConfiguration;
			baseConfigurationReference = C3380E3C7DEE3DFF2BBE6538 /* Pods-BEKMultiCellTable_Tests.debug.xcconfig */;
			buildSettings = {
				FRAMEWORK_SEARCH_PATHS = (
					"$(PLATFORM_DIR)/Developer/Library/Frameworks",
					"$(inherited)",
				);
				GCC_PREPROCESSOR_DEFINITIONS = (
					"DEBUG=1",
					"$(inherited)",
				);
				INFOPLIST_FILE = Tests/Info.plist;
				LD_RUNPATH_SEARCH_PATHS = "$(inherited) @executable_path/Frameworks @loader_path/Frameworks";
				PRODUCT_BUNDLE_IDENTIFIER = "org.cocoapods.$(PRODUCT_NAME:rfc1034identifier)";
				PRODUCT_NAME = "$(TARGET_NAME)";
				SWIFT_SWIFT3_OBJC_INFERENCE = Default;
				SWIFT_VERSION = 4.0;
				TEST_HOST = "$(BUILT_PRODUCTS_DIR)/BEKMultiCellTable_Example.app/BEKMultiCellTable_Example";
			};
			name = Debug;
		};
		607FACF41AFB9204008FA782 /* Release */ = {
			isa = XCBuildConfiguration;
			baseConfigurationReference = A9C62F886278713C9B01E8B1 /* Pods-BEKMultiCellTable_Tests.release.xcconfig */;
			buildSettings = {
				FRAMEWORK_SEARCH_PATHS = (
					"$(PLATFORM_DIR)/Developer/Library/Frameworks",
					"$(inherited)",
				);
				INFOPLIST_FILE = Tests/Info.plist;
				LD_RUNPATH_SEARCH_PATHS = "$(inherited) @executable_path/Frameworks @loader_path/Frameworks";
				PRODUCT_BUNDLE_IDENTIFIER = "org.cocoapods.$(PRODUCT_NAME:rfc1034identifier)";
				PRODUCT_NAME = "$(TARGET_NAME)";
				SWIFT_SWIFT3_OBJC_INFERENCE = Default;
				SWIFT_VERSION = 4.0;
				TEST_HOST = "$(BUILT_PRODUCTS_DIR)/BEKMultiCellTable_Example.app/BEKMultiCellTable_Example";
			};
			name = Release;
		};
/* End XCBuildConfiguration section */

/* Begin XCConfigurationList section */
		607FACCB1AFB9204008FA782 /* Build configuration list for PBXProject "BEKMultiCellTable" */ = {
			isa = XCConfigurationList;
			buildConfigurations = (
				607FACED1AFB9204008FA782 /* Debug */,
				607FACEE1AFB9204008FA782 /* Release */,
			);
			defaultConfigurationIsVisible = 0;
			defaultConfigurationName = Release;
		};
		607FACEF1AFB9204008FA782 /* Build configuration list for PBXNativeTarget "BEKMultiCellTable_Example" */ = {
			isa = XCConfigurationList;
			buildConfigurations = (
				607FACF01AFB9204008FA782 /* Debug */,
				607FACF11AFB9204008FA782 /* Release */,
			);
			defaultConfigurationIsVisible = 0;
			defaultConfigurationName = Release;
		};
		607FACF21AFB9204008FA782 /* Build configuration list for PBXNativeTarget "BEKMultiCellTable_Tests" */ = {
			isa = XCConfigurationList;
			buildConfigurations = (
				607FACF31AFB9204008FA782 /* Debug */,
				607FACF41AFB9204008FA782 /* Release */,
			);
			defaultConfigurationIsVisible = 0;
			defaultConfigurationName = Release;
		};
/* End XCConfigurationList section */
	};
	rootObject = 607FACC81AFB9204008FA782 /* Project object */;
}
